
Microsoft Visual Studio Solution File, Format Version 12.00
# Visual Studio Version 16
VisualStudioVersion = 16.0.30011.22
MinimumVisualStudioVersion = 10.0.40219.1
Project("{9A19103F-16F7-4668-BE54-9A1E7A4F7556}") = "Shop", "Shop\Shop.csproj", "{D005CC40-4E78-41DC-9FBC-8A95D7D0DE05}"
EndProject
Project("{FAE04EC0-301F-11D3-BF4B-00C04F79EFBC}") = "TraningApp", "TraningApp\TraningApp.csproj", "{A856E67C-7748-4ED0-9DDD-AA247FC5D363}"
EndProject
Global
	GlobalSection(SolutionConfigurationPlatforms) = preSolution
		Debug|Any CPU = Debug|Any CPU
		Release|Any CPU = Release|Any CPU
	EndGlobalSection
	GlobalSection(ProjectConfigurationPlatforms) = postSolution
		{D005CC40-4E78-41DC-9FBC-8A95D7D0DE05}.Debug|Any CPU.ActiveCfg = Debug|Any CPU
		{D005CC40-4E78-41DC-9FBC-8A95D7D0DE05}.Debug|Any CPU.Build.0 = Debug|Any CPU
		{D005CC40-4E78-41DC-9FBC-8A95D7D0DE05}.Release|Any CPU.ActiveCfg = Release|Any CPU
		{D005CC40-4E78-41DC-9FBC-8A95D7D0DE05}.Release|Any CPU.Build.0 = Release|Any CPU
		{A856E67C-7748-4ED0-9DDD-AA247FC5D363}.Debug|Any CPU.ActiveCfg = Debug|Any CPU
		{A856E67C-7748-4ED0-9DDD-AA247FC5D363}.Debug|Any CPU.Build.0 = Debug|Any CPU
		{A856E67C-7748-4ED0-9DDD-AA247FC5D363}.Release|Any CPU.ActiveCfg = Release|Any CPU
		{A856E67C-7748-4ED0-9DDD-AA247FC5D363}.Release|Any CPU.Build.0 = Release|Any CPU
	EndGlobalSection
	GlobalSection(SolutionProperties) = preSolution
		HideSolutionNode = FALSE
	EndGlobalSection
	GlobalSection(ExtensibilityGlobals) = postSolution
		SolutionGuid = {1ED3B492-2DAA-4674-AD01-9578E302275A}
	EndGlobalSection
EndGlobal
